
Microsoft Visual Studio Solution File, Format Version 12.00
# Visual Studio Version 17
VisualStudioVersion = 17.9.34723.18
MinimumVisualStudioVersion = 10.0.40219.1
Project("{8BC9CEB8-8B4A-11D0-8D11-00A0C91BC942}") = "proj631", "proj631.vcxproj", "{C97681DC-7F5B-40D1-B28C-B5D109B15ABA}"
EndProject
Global
	GlobalSection(SolutionConfigurationPlatforms) = preSolution
		Debug|x64 = Debug|x64
		Debug|x86 = Debug|x86
		Release|x64 = Release|x64
		Release|x86 = Release|x86
	EndGlobalSection
	GlobalSection(ProjectConfigurationPlatforms) = postSolution
		{C97681DC-7F5B-40D1-B28C-B5D109B15ABA}.Debug|x64.ActiveCfg = Debug|x64
		{C97681DC-7F5B-40D1-B28C-B5D109B15ABA}.Debug|x64.Build.0 = Debug|x64
		{C97681DC-7F5B-40D1-B28C-B5D109B15ABA}.Debug|x86.ActiveCfg = Debug|Win32
		{C97681DC-7F5B-40D1-B28C-B5D109B15ABA}.Debug|x86.Build.0 = Debug|Win32
		{C97681DC-7F5B-40D1-B28C-B5D109B15ABA}.Release|x64.ActiveCfg = Release|x64
		{C97681DC-7F5B-40D1-B28C-B5D109B15ABA}.Release|x64.Build.0 = Release|x64
		{C97681DC-7F5B-40D1-B28C-B5D109B15ABA}.Release|x86.ActiveCfg = Release|Win32
		{C97681DC-7F5B-40D1-B28C-B5D109B15ABA}.Release|x86.Build.0 = Release|Win32
	EndGlobalSection
	GlobalSection(SolutionProperties) = preSolution
		HideSolutionNode = FALSE
	EndGlobalSection
	GlobalSection(ExtensibilityGlobals) = postSolution
		SolutionGuid = {C596564D-C487-4478-A677-4FE7EC9F4369}
	EndGlobalSection
EndGlobal
